// !$*UTF8*$!
{
	archiveVersion = 1;
	classes = {
	};
	objectVersion = 56;
	objects = {

/* Begin PBXBuildFile section */
		6A2E7D33295AB1C200426E61 /* SalesChart.swift in Sources */ = {isa = PBXBuildFile; fileRef = 6A2E7D32295AB1C200426E61 /* SalesChart.swift */; };
		6A2E7D35295AB56D00426E61 /* PieChart.swift in Sources */ = {isa = PBXBuildFile; fileRef = 6A2E7D34295AB56D00426E61 /* PieChart.swift */; };
		6A2E7D37295AB60200426E61 /* BarChart.swift in Sources */ = {isa = PBXBuildFile; fileRef = 6A2E7D36295AB60200426E61 /* BarChart.swift */; };
		6A2E7D39295AC26700426E61 /* MonthlyCustomerTraffic.swift in Sources */ = {isa = PBXBuildFile; fileRef = 6A2E7D38295AC26700426E61 /* MonthlyCustomerTraffic.swift */; };
		6A2E7D3D295AC31900426E61 /* LineChart.swift in Sources */ = {isa = PBXBuildFile; fileRef = 6A2E7D3C295AC31900426E61 /* LineChart.swift */; };
		6A2E7D3F295AC93200426E61 /* CustomerGrowth.swift in Sources */ = {isa = PBXBuildFile; fileRef = 6A2E7D3E295AC93200426E61 /* CustomerGrowth.swift */; };
		AEB8B837295C0F920004562B /* CustomerInfoDetailView.swift in Sources */ = {isa = PBXBuildFile; fileRef = AEB8B836295C0F920004562B /* CustomerInfoDetailView.swift */; };
		AEB8B839295C10200004562B /* UserInfoDetailView.swift in Sources */ = {isa = PBXBuildFile; fileRef = AEB8B838295C101F0004562B /* UserInfoDetailView.swift */; };
		AEB8B83B295C10320004562B /* OrderInfoDetailView.swift in Sources */ = {isa = PBXBuildFile; fileRef = AEB8B83A295C10320004562B /* OrderInfoDetailView.swift */; };
		AEB8B83D295C10520004562B /* PurchaseHistoryInfoDetailView.swift in Sources */ = {isa = PBXBuildFile; fileRef = AEB8B83C295C10520004562B /* PurchaseHistoryInfoDetailView.swift */; };
		AEE78740295AD7D9003F46E9 /* TestModel.swift in Sources */ = {isa = PBXBuildFile; fileRef = AEE7873F295AD7D9003F46E9 /* TestModel.swift */; };
		FA71BA95295A7CAE001D0AB3 /* BackOfficeTeamAApp.swift in Sources */ = {isa = PBXBuildFile; fileRef = FA71BA94295A7CAE001D0AB3 /* BackOfficeTeamAApp.swift */; };
		FA71BA97295A7CAE001D0AB3 /* ContentView.swift in Sources */ = {isa = PBXBuildFile; fileRef = FA71BA96295A7CAE001D0AB3 /* ContentView.swift */; };
		FA71BA99295A7CAF001D0AB3 /* Assets.xcassets in Resources */ = {isa = PBXBuildFile; fileRef = FA71BA98295A7CAF001D0AB3 /* Assets.xcassets */; };
		FA71BA9D295A7CAF001D0AB3 /* Preview Assets.xcassets in Resources */ = {isa = PBXBuildFile; fileRef = FA71BA9C295A7CAF001D0AB3 /* Preview Assets.xcassets */; };
		FA71BAB3295A7F39001D0AB3 /* AdView.swift in Sources */ = {isa = PBXBuildFile; fileRef = FA71BAB2295A7F39001D0AB3 /* AdView.swift */; };
		FA71BAB5295A7F97001D0AB3 /* CustomerView.swift in Sources */ = {isa = PBXBuildFile; fileRef = FA71BAB4295A7F97001D0AB3 /* CustomerView.swift */; };
		FA71BAB7295A7FAC001D0AB3 /* HomeView.swift in Sources */ = {isa = PBXBuildFile; fileRef = FA71BAB6295A7FAC001D0AB3 /* HomeView.swift */; };
		FA71BAB9295A7FB6001D0AB3 /* LogView.swift in Sources */ = {isa = PBXBuildFile; fileRef = FA71BAB8295A7FB6001D0AB3 /* LogView.swift */; };
		FA71BABB295A7FC0001D0AB3 /* NoticeView.swift in Sources */ = {isa = PBXBuildFile; fileRef = FA71BABA295A7FC0001D0AB3 /* NoticeView.swift */; };
		FA71BABD295A7FD1001D0AB3 /* NotificationView.swift in Sources */ = {isa = PBXBuildFile; fileRef = FA71BABC295A7FD1001D0AB3 /* NotificationView.swift */; };
		FA71BABF295A7FDC001D0AB3 /* PaymentView.swift in Sources */ = {isa = PBXBuildFile; fileRef = FA71BABE295A7FDC001D0AB3 /* PaymentView.swift */; };
		FA71BAC1295A7FE8001D0AB3 /* ReportView.swift in Sources */ = {isa = PBXBuildFile; fileRef = FA71BAC0295A7FE8001D0AB3 /* ReportView.swift */; };
		FA71BAC3295A7FF2001D0AB3 /* StoreView.swift in Sources */ = {isa = PBXBuildFile; fileRef = FA71BAC2295A7FF2001D0AB3 /* StoreView.swift */; };
		FA71BAC5295A7FFE001D0AB3 /* StoreUserView.swift in Sources */ = {isa = PBXBuildFile; fileRef = FA71BAC4295A7FFE001D0AB3 /* StoreUserView.swift */; };
		FA71BAC7295A8019001D0AB3 /* Store.swift in Sources */ = {isa = PBXBuildFile; fileRef = FA71BAC6295A8019001D0AB3 /* Store.swift */; };
		FA71BAC9295A802C001D0AB3 /* StoreViewModel.swift in Sources */ = {isa = PBXBuildFile; fileRef = FA71BAC8295A802C001D0AB3 /* StoreViewModel.swift */; };
		FA71BACD295A8090001D0AB3 /* Modifiers.swift in Sources */ = {isa = PBXBuildFile; fileRef = FA71BACC295A8090001D0AB3 /* Modifiers.swift */; };
		FA71BACF295A80B7001D0AB3 /* View+.swift in Sources */ = {isa = PBXBuildFile; fileRef = FA71BACE295A80B7001D0AB3 /* View+.swift */; };
		FA71BAD2295A810F001D0AB3 /* Constants.swift in Sources */ = {isa = PBXBuildFile; fileRef = FA71BAD1295A810F001D0AB3 /* Constants.swift */; };
		FA71BAD4295A87B9001D0AB3 /* AppDelegate.swift in Sources */ = {isa = PBXBuildFile; fileRef = FA71BAD3295A87B9001D0AB3 /* AppDelegate.swift */; };
		FA71BAD7295AC46E001D0AB3 /* TotalStoreView.swift in Sources */ = {isa = PBXBuildFile; fileRef = FA71BAD6295AC46E001D0AB3 /* TotalStoreView.swift */; };
		FA71BADA295AC846001D0AB3 /* RequestCountView.swift in Sources */ = {isa = PBXBuildFile; fileRef = FA71BAD9295AC846001D0AB3 /* RequestCountView.swift */; };
		FA71BADC295AC982001D0AB3 /* RequestStateView.swift in Sources */ = {isa = PBXBuildFile; fileRef = FA71BADB295AC982001D0AB3 /* RequestStateView.swift */; };
		FA71BAE0295ACBA6001D0AB3 /* EnrollRequestModal.swift in Sources */ = {isa = PBXBuildFile; fileRef = FA71BADF295ACBA6001D0AB3 /* EnrollRequestModal.swift */; };
		FA71BAE2295ACBD4001D0AB3 /* CurrentRequestView.swift in Sources */ = {isa = PBXBuildFile; fileRef = FA71BAE1295ACBD4001D0AB3 /* CurrentRequestView.swift */; };
		FA71BAE6295ACE97001D0AB3 /* ManageEnrollView.swift in Sources */ = {isa = PBXBuildFile; fileRef = FA71BAE5295ACE97001D0AB3 /* ManageEnrollView.swift */; };
		FA71BAEA295AD5F7001D0AB3 /* StoreList.swift in Sources */ = {isa = PBXBuildFile; fileRef = FA71BAE9295AD5F7001D0AB3 /* StoreList.swift */; };
		FA71BAEC295AD602001D0AB3 /* StoreCell.swift in Sources */ = {isa = PBXBuildFile; fileRef = FA71BAEB295AD602001D0AB3 /* StoreCell.swift */; };
		FADAD303295C0365000528D9 /* StoreStateView.swift in Sources */ = {isa = PBXBuildFile; fileRef = FADAD302295C0364000528D9 /* StoreStateView.swift */; };
		FADAD305295C079A000528D9 /* StoreDetailView.swift in Sources */ = {isa = PBXBuildFile; fileRef = FADAD304295C079A000528D9 /* StoreDetailView.swift */; };
		FADAD307295C0CBF000528D9 /* TotalProductView.swift in Sources */ = {isa = PBXBuildFile; fileRef = FADAD306295C0CBF000528D9 /* TotalProductView.swift */; };
/* End PBXBuildFile section */

/* Begin PBXFileReference section */
		6A2E7D32295AB1C200426E61 /* SalesChart.swift */ = {isa = PBXFileReference; lastKnownFileType = sourcecode.swift; path = SalesChart.swift; sourceTree = "<group>"; };
		6A2E7D34295AB56D00426E61 /* PieChart.swift */ = {isa = PBXFileReference; lastKnownFileType = sourcecode.swift; path = PieChart.swift; sourceTree = "<group>"; };
		6A2E7D36295AB60200426E61 /* BarChart.swift */ = {isa = PBXFileReference; lastKnownFileType = sourcecode.swift; path = BarChart.swift; sourceTree = "<group>"; };
		6A2E7D38295AC26700426E61 /* MonthlyCustomerTraffic.swift */ = {isa = PBXFileReference; lastKnownFileType = sourcecode.swift; path = MonthlyCustomerTraffic.swift; sourceTree = "<group>"; };
		6A2E7D3C295AC31900426E61 /* LineChart.swift */ = {isa = PBXFileReference; lastKnownFileType = sourcecode.swift; path = LineChart.swift; sourceTree = "<group>"; };
		6A2E7D3E295AC93200426E61 /* CustomerGrowth.swift */ = {isa = PBXFileReference; lastKnownFileType = sourcecode.swift; path = CustomerGrowth.swift; sourceTree = "<group>"; };
		AEB8B836295C0F920004562B /* CustomerInfoDetailView.swift */ = {isa = PBXFileReference; lastKnownFileType = sourcecode.swift; path = CustomerInfoDetailView.swift; sourceTree = "<group>"; };
		AEB8B838295C101F0004562B /* UserInfoDetailView.swift */ = {isa = PBXFileReference; lastKnownFileType = sourcecode.swift; path = UserInfoDetailView.swift; sourceTree = "<group>"; };
		AEB8B83A295C10320004562B /* OrderInfoDetailView.swift */ = {isa = PBXFileReference; lastKnownFileType = sourcecode.swift; path = OrderInfoDetailView.swift; sourceTree = "<group>"; };
		AEB8B83C295C10520004562B /* PurchaseHistoryInfoDetailView.swift */ = {isa = PBXFileReference; lastKnownFileType = sourcecode.swift; path = PurchaseHistoryInfoDetailView.swift; sourceTree = "<group>"; };
		AEE7873F295AD7D9003F46E9 /* TestModel.swift */ = {isa = PBXFileReference; lastKnownFileType = sourcecode.swift; path = TestModel.swift; sourceTree = "<group>"; };
		FA71BA91295A7CAE001D0AB3 /* BackOfficeTeamA.app */ = {isa = PBXFileReference; explicitFileType = wrapper.application; includeInIndex = 0; path = BackOfficeTeamA.app; sourceTree = BUILT_PRODUCTS_DIR; };
		FA71BA94295A7CAE001D0AB3 /* BackOfficeTeamAApp.swift */ = {isa = PBXFileReference; lastKnownFileType = sourcecode.swift; path = BackOfficeTeamAApp.swift; sourceTree = "<group>"; };
		FA71BA96295A7CAE001D0AB3 /* ContentView.swift */ = {isa = PBXFileReference; lastKnownFileType = sourcecode.swift; path = ContentView.swift; sourceTree = "<group>"; };
		FA71BA98295A7CAF001D0AB3 /* Assets.xcassets */ = {isa = PBXFileReference; lastKnownFileType = folder.assetcatalog; path = Assets.xcassets; sourceTree = "<group>"; };
		FA71BA9A295A7CAF001D0AB3 /* BackOfficeTeamA.entitlements */ = {isa = PBXFileReference; lastKnownFileType = text.plist.entitlements; path = BackOfficeTeamA.entitlements; sourceTree = "<group>"; };
		FA71BA9C295A7CAF001D0AB3 /* Preview Assets.xcassets */ = {isa = PBXFileReference; lastKnownFileType = folder.assetcatalog; path = "Preview Assets.xcassets"; sourceTree = "<group>"; };
		FA71BAB2295A7F39001D0AB3 /* AdView.swift */ = {isa = PBXFileReference; lastKnownFileType = sourcecode.swift; path = AdView.swift; sourceTree = "<group>"; };
		FA71BAB4295A7F97001D0AB3 /* CustomerView.swift */ = {isa = PBXFileReference; lastKnownFileType = sourcecode.swift; path = CustomerView.swift; sourceTree = "<group>"; };
		FA71BAB6295A7FAC001D0AB3 /* HomeView.swift */ = {isa = PBXFileReference; lastKnownFileType = sourcecode.swift; path = HomeView.swift; sourceTree = "<group>"; };
		FA71BAB8295A7FB6001D0AB3 /* LogView.swift */ = {isa = PBXFileReference; lastKnownFileType = sourcecode.swift; path = LogView.swift; sourceTree = "<group>"; };
		FA71BABA295A7FC0001D0AB3 /* NoticeView.swift */ = {isa = PBXFileReference; lastKnownFileType = sourcecode.swift; path = NoticeView.swift; sourceTree = "<group>"; };
		FA71BABC295A7FD1001D0AB3 /* NotificationView.swift */ = {isa = PBXFileReference; lastKnownFileType = sourcecode.swift; path = NotificationView.swift; sourceTree = "<group>"; };
		FA71BABE295A7FDC001D0AB3 /* PaymentView.swift */ = {isa = PBXFileReference; lastKnownFileType = sourcecode.swift; path = PaymentView.swift; sourceTree = "<group>"; };
		FA71BAC0295A7FE8001D0AB3 /* ReportView.swift */ = {isa = PBXFileReference; lastKnownFileType = sourcecode.swift; path = ReportView.swift; sourceTree = "<group>"; };
		FA71BAC2295A7FF2001D0AB3 /* StoreView.swift */ = {isa = PBXFileReference; lastKnownFileType = sourcecode.swift; path = StoreView.swift; sourceTree = "<group>"; };
		FA71BAC4295A7FFE001D0AB3 /* StoreUserView.swift */ = {isa = PBXFileReference; lastKnownFileType = sourcecode.swift; path = StoreUserView.swift; sourceTree = "<group>"; };
		FA71BAC6295A8019001D0AB3 /* Store.swift */ = {isa = PBXFileReference; lastKnownFileType = sourcecode.swift; path = Store.swift; sourceTree = "<group>"; };
		FA71BAC8295A802C001D0AB3 /* StoreViewModel.swift */ = {isa = PBXFileReference; lastKnownFileType = sourcecode.swift; path = StoreViewModel.swift; sourceTree = "<group>"; };
		FA71BACC295A8090001D0AB3 /* Modifiers.swift */ = {isa = PBXFileReference; lastKnownFileType = sourcecode.swift; path = Modifiers.swift; sourceTree = "<group>"; };
		FA71BACE295A80B7001D0AB3 /* View+.swift */ = {isa = PBXFileReference; lastKnownFileType = sourcecode.swift; path = "View+.swift"; sourceTree = "<group>"; };
		FA71BAD1295A810F001D0AB3 /* Constants.swift */ = {isa = PBXFileReference; lastKnownFileType = sourcecode.swift; path = Constants.swift; sourceTree = "<group>"; };
		FA71BAD3295A87B9001D0AB3 /* AppDelegate.swift */ = {isa = PBXFileReference; lastKnownFileType = sourcecode.swift; path = AppDelegate.swift; sourceTree = "<group>"; };
		FA71BAD6295AC46E001D0AB3 /* TotalStoreView.swift */ = {isa = PBXFileReference; lastKnownFileType = sourcecode.swift; path = TotalStoreView.swift; sourceTree = "<group>"; };
		FA71BAD9295AC846001D0AB3 /* RequestCountView.swift */ = {isa = PBXFileReference; lastKnownFileType = sourcecode.swift; path = RequestCountView.swift; sourceTree = "<group>"; };
		FA71BADB295AC982001D0AB3 /* RequestStateView.swift */ = {isa = PBXFileReference; lastKnownFileType = sourcecode.swift; path = RequestStateView.swift; sourceTree = "<group>"; };
		FA71BADF295ACBA6001D0AB3 /* EnrollRequestModal.swift */ = {isa = PBXFileReference; lastKnownFileType = sourcecode.swift; path = EnrollRequestModal.swift; sourceTree = "<group>"; };
		FA71BAE1295ACBD4001D0AB3 /* CurrentRequestView.swift */ = {isa = PBXFileReference; lastKnownFileType = sourcecode.swift; path = CurrentRequestView.swift; sourceTree = "<group>"; };
		FA71BAE5295ACE97001D0AB3 /* ManageEnrollView.swift */ = {isa = PBXFileReference; lastKnownFileType = sourcecode.swift; path = ManageEnrollView.swift; sourceTree = "<group>"; };
		FA71BAE9295AD5F7001D0AB3 /* StoreList.swift */ = {isa = PBXFileReference; lastKnownFileType = sourcecode.swift; path = StoreList.swift; sourceTree = "<group>"; };
		FA71BAEB295AD602001D0AB3 /* StoreCell.swift */ = {isa = PBXFileReference; lastKnownFileType = sourcecode.swift; path = StoreCell.swift; sourceTree = "<group>"; };
		FADAD302295C0364000528D9 /* StoreStateView.swift */ = {isa = PBXFileReference; lastKnownFileType = sourcecode.swift; path = StoreStateView.swift; sourceTree = "<group>"; };
		FADAD304295C079A000528D9 /* StoreDetailView.swift */ = {isa = PBXFileReference; lastKnownFileType = sourcecode.swift; path = StoreDetailView.swift; sourceTree = "<group>"; };
		FADAD306295C0CBF000528D9 /* TotalProductView.swift */ = {isa = PBXFileReference; lastKnownFileType = sourcecode.swift; path = TotalProductView.swift; sourceTree = "<group>"; };
/* End PBXFileReference section */

/* Begin PBXFrameworksBuildPhase section */
		FA71BA8E295A7CAE001D0AB3 /* Frameworks */ = {
			isa = PBXFrameworksBuildPhase;
			buildActionMask = 2147483647;
			files = (
			);
			runOnlyForDeploymentPostprocessing = 0;
		};
/* End PBXFrameworksBuildPhase section */

/* Begin PBXGroup section */
		FA71BA88295A7CAE001D0AB3 = {
			isa = PBXGroup;
			children = (
				FA71BA93295A7CAE001D0AB3 /* BackOfficeTeamA */,
				FA71BA92295A7CAE001D0AB3 /* Products */,
			);
			sourceTree = "<group>";
		};
		FA71BA92295A7CAE001D0AB3 /* Products */ = {
			isa = PBXGroup;
			children = (
				FA71BA91295A7CAE001D0AB3 /* BackOfficeTeamA.app */,
			);
			name = Products;
			sourceTree = "<group>";
		};
		FA71BA93295A7CAE001D0AB3 /* BackOfficeTeamA */ = {
			isa = PBXGroup;
			children = (
				FA71BAD5295A8868001D0AB3 /* App */,
				FA71BAA5295A7D60001D0AB3 /* Configuration */,
				FA71BAA3295A7D36001D0AB3 /* Source */,
				FA71BA9A295A7CAF001D0AB3 /* BackOfficeTeamA.entitlements */,
				FA71BA98295A7CAF001D0AB3 /* Assets.xcassets */,
				FA71BA9B295A7CAF001D0AB3 /* Preview Content */,
			);
			path = BackOfficeTeamA;
			sourceTree = "<group>";
		};
		FA71BA9B295A7CAF001D0AB3 /* Preview Content */ = {
			isa = PBXGroup;
			children = (
				FA71BA9C295A7CAF001D0AB3 /* Preview Assets.xcassets */,
			);
			path = "Preview Content";
			sourceTree = "<group>";
		};
		FA71BAA3295A7D36001D0AB3 /* Source */ = {
			isa = PBXGroup;
			children = (
				FA71BAA7295A7D86001D0AB3 /* Models */,
				FA71BAA4295A7D59001D0AB3 /* Views */,
				FA71BAA6295A7D7B001D0AB3 /* ViewModels */,
			);
			path = Source;
			sourceTree = "<group>";
		};
		FA71BAA4295A7D59001D0AB3 /* Views */ = {
			isa = PBXGroup;
			children = (
				FA71BA96295A7CAE001D0AB3 /* ContentView.swift */,
				FA71BAAE295A7E60001D0AB3 /* Ad */,
				FA71BAA9295A7DB1001D0AB3 /* Customer */,
				FA71BAA8295A7D90001D0AB3 /* Home */,
				FA71BAAD295A7E5B001D0AB3 /* Log */,
				FA71BAAF295A7E75001D0AB3 /* Notice */,
				FA71BAB0295A7E81001D0AB3 /* Notification */,
				FA71BAAC295A7E49001D0AB3 /* Payment */,
				FA71BAB1295A7E98001D0AB3 /* Report */,
				FA71BAAA295A7E20001D0AB3 /* Store */,
				FA71BAAB295A7E40001D0AB3 /* StoreUser */,
			);
			path = Views;
			sourceTree = "<group>";
		};
		FA71BAA5295A7D60001D0AB3 /* Configuration */ = {
			isa = PBXGroup;
			children = (
				FA71BAD0295A80EA001D0AB3 /* Constants */,
				FA71BACA295A804A001D0AB3 /* Extension */,
				FA71BACB295A805F001D0AB3 /* UIConfig */,
			);
			path = Configuration;
			sourceTree = "<group>";
		};
		FA71BAA6295A7D7B001D0AB3 /* ViewModels */ = {
			isa = PBXGroup;
			children = (
				FA71BAC8295A802C001D0AB3 /* StoreViewModel.swift */,
			);
			path = ViewModels;
			sourceTree = "<group>";
		};
		FA71BAA7295A7D86001D0AB3 /* Models */ = {
			isa = PBXGroup;
			children = (
				6A2E7D3E295AC93200426E61 /* CustomerGrowth.swift */,
				6A2E7D38295AC26700426E61 /* MonthlyCustomerTraffic.swift */,
				6A2E7D32295AB1C200426E61 /* SalesChart.swift */,
				FA71BAC6295A8019001D0AB3 /* Store.swift */,
			);
			path = Models;
			sourceTree = "<group>";
		};
		FA71BAA8295A7D90001D0AB3 /* Home */ = {
			isa = PBXGroup;
			children = (
				6A2E7D36295AB60200426E61 /* BarChart.swift */,
				FA71BAB6295A7FAC001D0AB3 /* HomeView.swift */,
				6A2E7D3C295AC31900426E61 /* LineChart.swift */,
				6A2E7D34295AB56D00426E61 /* PieChart.swift */,
			);
			path = Home;
			sourceTree = "<group>";
		};
		FA71BAA9295A7DB1001D0AB3 /* Customer */ = {
			isa = PBXGroup;
			children = (
				FA71BAB4295A7F97001D0AB3 /* CustomerView.swift */,
				AEB8B836295C0F920004562B /* CustomerInfoDetailView.swift */,
				AEB8B838295C101F0004562B /* UserInfoDetailView.swift */,
				AEB8B83A295C10320004562B /* OrderInfoDetailView.swift */,
				AEB8B83C295C10520004562B /* PurchaseHistoryInfoDetailView.swift */,
				AEE7873F295AD7D9003F46E9 /* TestModel.swift */,
			);
			path = Customer;
			sourceTree = "<group>";
		};
		FA71BAAA295A7E20001D0AB3 /* Store */ = {
			isa = PBXGroup;
			children = (
				FA71BAEB295AD602001D0AB3 /* StoreCell.swift */,
				FADAD304295C079A000528D9 /* StoreDetailView.swift */,
				FA71BAE9295AD5F7001D0AB3 /* StoreList.swift */,
				FADAD302295C0364000528D9 /* StoreStateView.swift */,
				FA71BAC2295A7FF2001D0AB3 /* StoreView.swift */,
				FADAD306295C0CBF000528D9 /* TotalProductView.swift */,
				FA71BAD6295AC46E001D0AB3 /* TotalStoreView.swift */,
			);
			path = Store;
			sourceTree = "<group>";
		};
		FA71BAAB295A7E40001D0AB3 /* StoreUser */ = {
			isa = PBXGroup;
			children = (
				FA71BAE1295ACBD4001D0AB3 /* CurrentRequestView.swift */,
				FA71BADF295ACBA6001D0AB3 /* EnrollRequestModal.swift */,
				FA71BAE5295ACE97001D0AB3 /* ManageEnrollView.swift */,
				FA71BAD9295AC846001D0AB3 /* RequestCountView.swift */,
				FA71BADB295AC982001D0AB3 /* RequestStateView.swift */,
				FA71BAC4295A7FFE001D0AB3 /* StoreUserView.swift */,
			);
			path = StoreUser;
			sourceTree = "<group>";
		};
		FA71BAAC295A7E49001D0AB3 /* Payment */ = {
			isa = PBXGroup;
			children = (
				FA71BABE295A7FDC001D0AB3 /* PaymentView.swift */,
			);
			path = Payment;
			sourceTree = "<group>";
		};
		FA71BAAD295A7E5B001D0AB3 /* Log */ = {
			isa = PBXGroup;
			children = (
				FA71BAB8295A7FB6001D0AB3 /* LogView.swift */,
			);
			path = Log;
			sourceTree = "<group>";
		};
		FA71BAAE295A7E60001D0AB3 /* Ad */ = {
			isa = PBXGroup;
			children = (
				FA71BAB2295A7F39001D0AB3 /* AdView.swift */,
			);
			path = Ad;
			sourceTree = "<group>";
		};
		FA71BAAF295A7E75001D0AB3 /* Notice */ = {
			isa = PBXGroup;
			children = (
				FA71BABA295A7FC0001D0AB3 /* NoticeView.swift */,
			);
			path = Notice;
			sourceTree = "<group>";
		};
		FA71BAB0295A7E81001D0AB3 /* Notification */ = {
			isa = PBXGroup;
			children = (
				FA71BABC295A7FD1001D0AB3 /* NotificationView.swift */,
			);
			path = Notification;
			sourceTree = "<group>";
		};
		FA71BAB1295A7E98001D0AB3 /* Report */ = {
			isa = PBXGroup;
			children = (
				FA71BAC0295A7FE8001D0AB3 /* ReportView.swift */,
			);
			path = Report;
			sourceTree = "<group>";
		};
		FA71BACA295A804A001D0AB3 /* Extension */ = {
			isa = PBXGroup;
			children = (
				FA71BACE295A80B7001D0AB3 /* View+.swift */,
			);
			path = Extension;
			sourceTree = "<group>";
		};
		FA71BACB295A805F001D0AB3 /* UIConfig */ = {
			isa = PBXGroup;
			children = (
				FA71BACC295A8090001D0AB3 /* Modifiers.swift */,
			);
			path = UIConfig;
			sourceTree = "<group>";
		};
		FA71BAD0295A80EA001D0AB3 /* Constants */ = {
			isa = PBXGroup;
			children = (
				FA71BAD1295A810F001D0AB3 /* Constants.swift */,
			);
			path = Constants;
			sourceTree = "<group>";
		};
		FA71BAD5295A8868001D0AB3 /* App */ = {
			isa = PBXGroup;
			children = (
				FA71BA94295A7CAE001D0AB3 /* BackOfficeTeamAApp.swift */,
				FA71BAD3295A87B9001D0AB3 /* AppDelegate.swift */,
			);
			path = App;
			sourceTree = "<group>";
		};
/* End PBXGroup section */

/* Begin PBXNativeTarget section */
		FA71BA90295A7CAE001D0AB3 /* BackOfficeTeamA */ = {
			isa = PBXNativeTarget;
			buildConfigurationList = FA71BAA0295A7CAF001D0AB3 /* Build configuration list for PBXNativeTarget "BackOfficeTeamA" */;
			buildPhases = (
				FA71BA8D295A7CAE001D0AB3 /* Sources */,
				FA71BA8E295A7CAE001D0AB3 /* Frameworks */,
				FA71BA8F295A7CAE001D0AB3 /* Resources */,
			);
			buildRules = (
			);
			dependencies = (
			);
			name = BackOfficeTeamA;
			productName = BackOfficeTeamA;
			productReference = FA71BA91295A7CAE001D0AB3 /* BackOfficeTeamA.app */;
			productType = "com.apple.product-type.application";
		};
/* End PBXNativeTarget section */

/* Begin PBXProject section */
		FA71BA89295A7CAE001D0AB3 /* Project object */ = {
			isa = PBXProject;
			attributes = {
				BuildIndependentTargetsInParallel = 1;
				LastSwiftUpdateCheck = 1410;
				LastUpgradeCheck = 1410;
				TargetAttributes = {
					FA71BA90295A7CAE001D0AB3 = {
						CreatedOnToolsVersion = 14.1;
					};
				};
			};
			buildConfigurationList = FA71BA8C295A7CAE001D0AB3 /* Build configuration list for PBXProject "BackOfficeTeamA" */;
			compatibilityVersion = "Xcode 14.0";
			developmentRegion = en;
			hasScannedForEncodings = 0;
			knownRegions = (
				en,
				Base,
			);
			mainGroup = FA71BA88295A7CAE001D0AB3;
			productRefGroup = FA71BA92295A7CAE001D0AB3 /* Products */;
			projectDirPath = "";
			projectRoot = "";
			targets = (
				FA71BA90295A7CAE001D0AB3 /* BackOfficeTeamA */,
			);
		};
/* End PBXProject section */

/* Begin PBXResourcesBuildPhase section */
		FA71BA8F295A7CAE001D0AB3 /* Resources */ = {
			isa = PBXResourcesBuildPhase;
			buildActionMask = 2147483647;
			files = (
				FA71BA9D295A7CAF001D0AB3 /* Preview Assets.xcassets in Resources */,
				FA71BA99295A7CAF001D0AB3 /* Assets.xcassets in Resources */,
			);
			runOnlyForDeploymentPostprocessing = 0;
		};
/* End PBXResourcesBuildPhase section */

/* Begin PBXSourcesBuildPhase section */
		FA71BA8D295A7CAE001D0AB3 /* Sources */ = {
			isa = PBXSourcesBuildPhase;
			buildActionMask = 2147483647;
			files = (
				6A2E7D33295AB1C200426E61 /* SalesChart.swift in Sources */,
				FADAD305295C079A000528D9 /* StoreDetailView.swift in Sources */,
				6A2E7D37295AB60200426E61 /* BarChart.swift in Sources */,
				FA71BAB3295A7F39001D0AB3 /* AdView.swift in Sources */,
				6A2E7D3D295AC31900426E61 /* LineChart.swift in Sources */,
				AEE78740295AD7D9003F46E9 /* TestModel.swift in Sources */,
				FA71BAD2295A810F001D0AB3 /* Constants.swift in Sources */,
				AEB8B83B295C10320004562B /* OrderInfoDetailView.swift in Sources */,
				FA71BABF295A7FDC001D0AB3 /* PaymentView.swift in Sources */,
				FA71BAEC295AD602001D0AB3 /* StoreCell.swift in Sources */,
				FA71BAC3295A7FF2001D0AB3 /* StoreView.swift in Sources */,
				FA71BAE6295ACE97001D0AB3 /* ManageEnrollView.swift in Sources */,
				FA71BAD4295A87B9001D0AB3 /* AppDelegate.swift in Sources */,
				AEB8B837295C0F920004562B /* CustomerInfoDetailView.swift in Sources */,
				FA71BAB9295A7FB6001D0AB3 /* LogView.swift in Sources */,
				FA71BACD295A8090001D0AB3 /* Modifiers.swift in Sources */,
				FA71BA97295A7CAE001D0AB3 /* ContentView.swift in Sources */,
				FA71BADA295AC846001D0AB3 /* RequestCountView.swift in Sources */,
				FADAD303295C0365000528D9 /* StoreStateView.swift in Sources */,
				FA71BABD295A7FD1001D0AB3 /* NotificationView.swift in Sources */,
				6A2E7D3F295AC93200426E61 /* CustomerGrowth.swift in Sources */,
				6A2E7D35295AB56D00426E61 /* PieChart.swift in Sources */,
				FA71BAB5295A7F97001D0AB3 /* CustomerView.swift in Sources */,
				6A2E7D39295AC26700426E61 /* MonthlyCustomerTraffic.swift in Sources */,
				AEB8B83D295C10520004562B /* PurchaseHistoryInfoDetailView.swift in Sources */,
				FA71BAC7295A8019001D0AB3 /* Store.swift in Sources */,
				FA71BAD7295AC46E001D0AB3 /* TotalStoreView.swift in Sources */,
				FA71BAC9295A802C001D0AB3 /* StoreViewModel.swift in Sources */,
				FA71BAB7295A7FAC001D0AB3 /* HomeView.swift in Sources */,
				FA71BA95295A7CAE001D0AB3 /* BackOfficeTeamAApp.swift in Sources */,
				FA71BADC295AC982001D0AB3 /* RequestStateView.swift in Sources */,
				FA71BACF295A80B7001D0AB3 /* View+.swift in Sources */,
				FA71BAEA295AD5F7001D0AB3 /* StoreList.swift in Sources */,
				FA71BAC5295A7FFE001D0AB3 /* StoreUserView.swift in Sources */,
				FA71BAC1295A7FE8001D0AB3 /* ReportView.swift in Sources */,
				FA71BAE0295ACBA6001D0AB3 /* EnrollRequestModal.swift in Sources */,
				FA71BAE2295ACBD4001D0AB3 /* CurrentRequestView.swift in Sources */,
				FA71BABB295A7FC0001D0AB3 /* NoticeView.swift in Sources */,
				AEB8B839295C10200004562B /* UserInfoDetailView.swift in Sources */,
				FADAD307295C0CBF000528D9 /* TotalProductView.swift in Sources */,
			);
			runOnlyForDeploymentPostprocessing = 0;
		};
/* End PBXSourcesBuildPhase section */

/* Begin XCBuildConfiguration section */
		FA71BA9E295A7CAF001D0AB3 /* Debug */ = {
			isa = XCBuildConfiguration;
			buildSettings = {
				ALWAYS_SEARCH_USER_PATHS = NO;
				CLANG_ANALYZER_NONNULL = YES;
				CLANG_ANALYZER_NUMBER_OBJECT_CONVERSION = YES_AGGRESSIVE;
				CLANG_CXX_LANGUAGE_STANDARD = "gnu++20";
				CLANG_ENABLE_MODULES = YES;
				CLANG_ENABLE_OBJC_ARC = YES;
				CLANG_ENABLE_OBJC_WEAK = YES;
				CLANG_WARN_BLOCK_CAPTURE_AUTORELEASING = YES;
				CLANG_WARN_BOOL_CONVERSION = YES;
				CLANG_WARN_COMMA = YES;
				CLANG_WARN_CONSTANT_CONVERSION = YES;
				CLANG_WARN_DEPRECATED_OBJC_IMPLEMENTATIONS = YES;
				CLANG_WARN_DIRECT_OBJC_ISA_USAGE = YES_ERROR;
				CLANG_WARN_DOCUMENTATION_COMMENTS = YES;
				CLANG_WARN_EMPTY_BODY = YES;
				CLANG_WARN_ENUM_CONVERSION = YES;
				CLANG_WARN_INFINITE_RECURSION = YES;
				CLANG_WARN_INT_CONVERSION = YES;
				CLANG_WARN_NON_LITERAL_NULL_CONVERSION = YES;
				CLANG_WARN_OBJC_IMPLICIT_RETAIN_SELF = YES;
				CLANG_WARN_OBJC_LITERAL_CONVERSION = YES;
				CLANG_WARN_OBJC_ROOT_CLASS = YES_ERROR;
				CLANG_WARN_QUOTED_INCLUDE_IN_FRAMEWORK_HEADER = YES;
				CLANG_WARN_RANGE_LOOP_ANALYSIS = YES;
				CLANG_WARN_STRICT_PROTOTYPES = YES;
				CLANG_WARN_SUSPICIOUS_MOVE = YES;
				CLANG_WARN_UNGUARDED_AVAILABILITY = YES_AGGRESSIVE;
				CLANG_WARN_UNREACHABLE_CODE = YES;
				CLANG_WARN__DUPLICATE_METHOD_MATCH = YES;
				COPY_PHASE_STRIP = NO;
				DEBUG_INFORMATION_FORMAT = dwarf;
				ENABLE_STRICT_OBJC_MSGSEND = YES;
				ENABLE_TESTABILITY = YES;
				GCC_C_LANGUAGE_STANDARD = gnu11;
				GCC_DYNAMIC_NO_PIC = NO;
				GCC_NO_COMMON_BLOCKS = YES;
				GCC_OPTIMIZATION_LEVEL = 0;
				GCC_PREPROCESSOR_DEFINITIONS = (
					"DEBUG=1",
					"$(inherited)",
				);
				GCC_WARN_64_TO_32_BIT_CONVERSION = YES;
				GCC_WARN_ABOUT_RETURN_TYPE = YES_ERROR;
				GCC_WARN_UNDECLARED_SELECTOR = YES;
				GCC_WARN_UNINITIALIZED_AUTOS = YES_AGGRESSIVE;
				GCC_WARN_UNUSED_FUNCTION = YES;
				GCC_WARN_UNUSED_VARIABLE = YES;
				MTL_ENABLE_DEBUG_INFO = INCLUDE_SOURCE;
				MTL_FAST_MATH = YES;
				ONLY_ACTIVE_ARCH = YES;
				SWIFT_ACTIVE_COMPILATION_CONDITIONS = DEBUG;
				SWIFT_OPTIMIZATION_LEVEL = "-Onone";
			};
			name = Debug;
		};
		FA71BA9F295A7CAF001D0AB3 /* Release */ = {
			isa = XCBuildConfiguration;
			buildSettings = {
				ALWAYS_SEARCH_USER_PATHS = NO;
				CLANG_ANALYZER_NONNULL = YES;
				CLANG_ANALYZER_NUMBER_OBJECT_CONVERSION = YES_AGGRESSIVE;
				CLANG_CXX_LANGUAGE_STANDARD = "gnu++20";
				CLANG_ENABLE_MODULES = YES;
				CLANG_ENABLE_OBJC_ARC = YES;
				CLANG_ENABLE_OBJC_WEAK = YES;
				CLANG_WARN_BLOCK_CAPTURE_AUTORELEASING = YES;
				CLANG_WARN_BOOL_CONVERSION = YES;
				CLANG_WARN_COMMA = YES;
				CLANG_WARN_CONSTANT_CONVERSION = YES;
				CLANG_WARN_DEPRECATED_OBJC_IMPLEMENTATIONS = YES;
				CLANG_WARN_DIRECT_OBJC_ISA_USAGE = YES_ERROR;
				CLANG_WARN_DOCUMENTATION_COMMENTS = YES;
				CLANG_WARN_EMPTY_BODY = YES;
				CLANG_WARN_ENUM_CONVERSION = YES;
				CLANG_WARN_INFINITE_RECURSION = YES;
				CLANG_WARN_INT_CONVERSION = YES;
				CLANG_WARN_NON_LITERAL_NULL_CONVERSION = YES;
				CLANG_WARN_OBJC_IMPLICIT_RETAIN_SELF = YES;
				CLANG_WARN_OBJC_LITERAL_CONVERSION = YES;
				CLANG_WARN_OBJC_ROOT_CLASS = YES_ERROR;
				CLANG_WARN_QUOTED_INCLUDE_IN_FRAMEWORK_HEADER = YES;
				CLANG_WARN_RANGE_LOOP_ANALYSIS = YES;
				CLANG_WARN_STRICT_PROTOTYPES = YES;
				CLANG_WARN_SUSPICIOUS_MOVE = YES;
				CLANG_WARN_UNGUARDED_AVAILABILITY = YES_AGGRESSIVE;
				CLANG_WARN_UNREACHABLE_CODE = YES;
				CLANG_WARN__DUPLICATE_METHOD_MATCH = YES;
				COPY_PHASE_STRIP = NO;
				DEBUG_INFORMATION_FORMAT = "dwarf-with-dsym";
				ENABLE_NS_ASSERTIONS = NO;
				ENABLE_STRICT_OBJC_MSGSEND = YES;
				GCC_C_LANGUAGE_STANDARD = gnu11;
				GCC_NO_COMMON_BLOCKS = YES;
				GCC_WARN_64_TO_32_BIT_CONVERSION = YES;
				GCC_WARN_ABOUT_RETURN_TYPE = YES_ERROR;
				GCC_WARN_UNDECLARED_SELECTOR = YES;
				GCC_WARN_UNINITIALIZED_AUTOS = YES_AGGRESSIVE;
				GCC_WARN_UNUSED_FUNCTION = YES;
				GCC_WARN_UNUSED_VARIABLE = YES;
				MTL_ENABLE_DEBUG_INFO = NO;
				MTL_FAST_MATH = YES;
				SWIFT_COMPILATION_MODE = wholemodule;
				SWIFT_OPTIMIZATION_LEVEL = "-O";
			};
			name = Release;
		};
		FA71BAA1295A7CAF001D0AB3 /* Debug */ = {
			isa = XCBuildConfiguration;
			buildSettings = {
				ASSETCATALOG_COMPILER_APPICON_NAME = AppIcon;
				ASSETCATALOG_COMPILER_GLOBAL_ACCENT_COLOR_NAME = AccentColor;
				CODE_SIGN_ENTITLEMENTS = BackOfficeTeamA/BackOfficeTeamA.entitlements;
				CODE_SIGN_STYLE = Automatic;
				CURRENT_PROJECT_VERSION = 1;
				DEVELOPMENT_ASSET_PATHS = "\"BackOfficeTeamA/Preview Content\"";
				ENABLE_PREVIEWS = YES;
				GENERATE_INFOPLIST_FILE = YES;
				"INFOPLIST_KEY_UIApplicationSceneManifest_Generation[sdk=iphoneos*]" = YES;
				"INFOPLIST_KEY_UIApplicationSceneManifest_Generation[sdk=iphonesimulator*]" = YES;
				"INFOPLIST_KEY_UIApplicationSupportsIndirectInputEvents[sdk=iphoneos*]" = YES;
				"INFOPLIST_KEY_UIApplicationSupportsIndirectInputEvents[sdk=iphonesimulator*]" = YES;
				"INFOPLIST_KEY_UILaunchScreen_Generation[sdk=iphoneos*]" = YES;
				"INFOPLIST_KEY_UILaunchScreen_Generation[sdk=iphonesimulator*]" = YES;
				"INFOPLIST_KEY_UIStatusBarStyle[sdk=iphoneos*]" = UIStatusBarStyleDefault;
				"INFOPLIST_KEY_UIStatusBarStyle[sdk=iphonesimulator*]" = UIStatusBarStyleDefault;
				INFOPLIST_KEY_UISupportedInterfaceOrientations = "UIInterfaceOrientationLandscapeLeft UIInterfaceOrientationLandscapeRight";
				INFOPLIST_KEY_UISupportedInterfaceOrientations_iPad = "UIInterfaceOrientationLandscapeLeft UIInterfaceOrientationLandscapeRight UIInterfaceOrientationPortrait";
				IPHONEOS_DEPLOYMENT_TARGET = 16.1;
				LD_RUNPATH_SEARCH_PATHS = "@executable_path/Frameworks";
				"LD_RUNPATH_SEARCH_PATHS[sdk=macosx*]" = "@executable_path/../Frameworks";
				MACOSX_DEPLOYMENT_TARGET = 13.0;
				MARKETING_VERSION = 1.0;
				PRODUCT_BUNDLE_IDENTIFIER = heodoo.BackOfficeTeamA;
				PRODUCT_NAME = "$(TARGET_NAME)";
				SDKROOT = auto;
				SUPPORTED_PLATFORMS = "iphoneos iphonesimulator macosx";
				SWIFT_EMIT_LOC_STRINGS = YES;
				SWIFT_VERSION = 5.0;
				TARGETED_DEVICE_FAMILY = "1,2";
			};
			name = Debug;
		};
		FA71BAA2295A7CAF001D0AB3 /* Release */ = {
			isa = XCBuildConfiguration;
			buildSettings = {
				ASSETCATALOG_COMPILER_APPICON_NAME = AppIcon;
				ASSETCATALOG_COMPILER_GLOBAL_ACCENT_COLOR_NAME = AccentColor;
				CODE_SIGN_ENTITLEMENTS = BackOfficeTeamA/BackOfficeTeamA.entitlements;
				CODE_SIGN_STYLE = Automatic;
				CURRENT_PROJECT_VERSION = 1;
				DEVELOPMENT_ASSET_PATHS = "\"BackOfficeTeamA/Preview Content\"";
				ENABLE_PREVIEWS = YES;
				GENERATE_INFOPLIST_FILE = YES;
				"INFOPLIST_KEY_UIApplicationSceneManifest_Generation[sdk=iphoneos*]" = YES;
				"INFOPLIST_KEY_UIApplicationSceneManifest_Generation[sdk=iphonesimulator*]" = YES;
				"INFOPLIST_KEY_UIApplicationSupportsIndirectInputEvents[sdk=iphoneos*]" = YES;
				"INFOPLIST_KEY_UIApplicationSupportsIndirectInputEvents[sdk=iphonesimulator*]" = YES;
				"INFOPLIST_KEY_UILaunchScreen_Generation[sdk=iphoneos*]" = YES;
				"INFOPLIST_KEY_UILaunchScreen_Generation[sdk=iphonesimulator*]" = YES;
				"INFOPLIST_KEY_UIStatusBarStyle[sdk=iphoneos*]" = UIStatusBarStyleDefault;
				"INFOPLIST_KEY_UIStatusBarStyle[sdk=iphonesimulator*]" = UIStatusBarStyleDefault;
				INFOPLIST_KEY_UISupportedInterfaceOrientations = "UIInterfaceOrientationLandscapeLeft UIInterfaceOrientationLandscapeRight";
				INFOPLIST_KEY_UISupportedInterfaceOrientations_iPad = "UIInterfaceOrientationLandscapeLeft UIInterfaceOrientationLandscapeRight UIInterfaceOrientationPortrait";
				IPHONEOS_DEPLOYMENT_TARGET = 16.1;
				LD_RUNPATH_SEARCH_PATHS = "@executable_path/Frameworks";
				"LD_RUNPATH_SEARCH_PATHS[sdk=macosx*]" = "@executable_path/../Frameworks";
				MACOSX_DEPLOYMENT_TARGET = 13.0;
				MARKETING_VERSION = 1.0;
				PRODUCT_BUNDLE_IDENTIFIER = heodoo.BackOfficeTeamA;
				PRODUCT_NAME = "$(TARGET_NAME)";
				SDKROOT = auto;
				SUPPORTED_PLATFORMS = "iphoneos iphonesimulator macosx";
				SWIFT_EMIT_LOC_STRINGS = YES;
				SWIFT_VERSION = 5.0;
				TARGETED_DEVICE_FAMILY = "1,2";
			};
			name = Release;
		};
/* End XCBuildConfiguration section */

/* Begin XCConfigurationList section */
		FA71BA8C295A7CAE001D0AB3 /* Build configuration list for PBXProject "BackOfficeTeamA" */ = {
			isa = XCConfigurationList;
			buildConfigurations = (
				FA71BA9E295A7CAF001D0AB3 /* Debug */,
				FA71BA9F295A7CAF001D0AB3 /* Release */,
			);
			defaultConfigurationIsVisible = 0;
			defaultConfigurationName = Release;
		};
		FA71BAA0295A7CAF001D0AB3 /* Build configuration list for PBXNativeTarget "BackOfficeTeamA" */ = {
			isa = XCConfigurationList;
			buildConfigurations = (
				FA71BAA1295A7CAF001D0AB3 /* Debug */,
				FA71BAA2295A7CAF001D0AB3 /* Release */,
			);
			defaultConfigurationIsVisible = 0;
			defaultConfigurationName = Release;
		};
/* End XCConfigurationList section */
	};
	rootObject = FA71BA89295A7CAE001D0AB3 /* Project object */;
}
